
Microsoft Visual Studio Solution File, Format Version 12.00
# Visual Studio 15
VisualStudioVersion = 15.0.27130.2027
MinimumVisualStudioVersion = 10.0.40219.1
Project("{FAE04EC0-301F-11D3-BF4B-00C04F79EFBC}") = "Project1", "Project1\Project1.csproj", "{ABADA46C-F1C6-40A1-AA3C-50C6E643FE11}"
EndProject
Project("{2150E333-8FDC-42A3-9474-1A3956D46DE8}") = "Solution Items", "Solution Items", "{C6AAE7F6-357F-4883-AF54-D49BA60E6879}"
	ProjectSection(SolutionItems) = preProject
		70-483 Programming in C#.pdf = 70-483 Programming in C#.pdf
	EndProjectSection
EndProject
Project("{FAE04EC0-301F-11D3-BF4B-00C04F79EFBC}") = "WpfApp1", "WpfApp1\WpfApp1.csproj", "{4BFF74F6-8BBF-47B3-93E9-5D3B9B5A92C7}"
EndProject
Global
	GlobalSection(SolutionConfigurationPlatforms) = preSolution
		Debug|Any CPU = Debug|Any CPU
		Release|Any CPU = Release|Any CPU
	EndGlobalSection
	GlobalSection(ProjectConfigurationPlatforms) = postSolution
		{ABADA46C-F1C6-40A1-AA3C-50C6E643FE11}.Debug|Any CPU.ActiveCfg = Debug|Any CPU
		{ABADA46C-F1C6-40A1-AA3C-50C6E643FE11}.Debug|Any CPU.Build.0 = Debug|Any CPU
		{ABADA46C-F1C6-40A1-AA3C-50C6E643FE11}.Release|Any CPU.ActiveCfg = Release|Any CPU
		{ABADA46C-F1C6-40A1-AA3C-50C6E643FE11}.Release|Any CPU.Build.0 = Release|Any CPU
		{4BFF74F6-8BBF-47B3-93E9-5D3B9B5A92C7}.Debug|Any CPU.ActiveCfg = Debug|Any CPU
		{4BFF74F6-8BBF-47B3-93E9-5D3B9B5A92C7}.Debug|Any CPU.Build.0 = Debug|Any CPU
		{4BFF74F6-8BBF-47B3-93E9-5D3B9B5A92C7}.Release|Any CPU.ActiveCfg = Release|Any CPU
		{4BFF74F6-8BBF-47B3-93E9-5D3B9B5A92C7}.Release|Any CPU.Build.0 = Release|Any CPU
	EndGlobalSection
	GlobalSection(SolutionProperties) = preSolution
		HideSolutionNode = FALSE
	EndGlobalSection
	GlobalSection(ExtensibilityGlobals) = postSolution
		SolutionGuid = {0E39008E-C6E3-4937-A74E-B1F11DAFDB7E}
	EndGlobalSection
EndGlobal
