
Microsoft Visual Studio Solution File, Format Version 12.00
# Visual Studio 15
VisualStudioVersion = 15.0.27130.2027
MinimumVisualStudioVersion = 10.0.40219.1
Project("{FAE04EC0-301F-11D3-BF4B-00C04F79EFBC}") = "Project1", "Project1\Project1.csproj", "{ABADA46C-F1C6-40A1-AA3C-50C6E643FE11}"
EndProject
Project("{2150E333-8FDC-42A3-9474-1A3956D46DE8}") = "Solution Items", "Solution Items", "{C6AAE7F6-357F-4883-AF54-D49BA60E6879}"
	ProjectSection(SolutionItems) = preProject
		70-483 Programming in C#.pdf = 70-483 Programming in C#.pdf
		Albahari J., Albahari B. - C# 7.0 in a Nutshell, 7th Edition - 2018.pdf = Albahari J., Albahari B. - C# 7.0 in a Nutshell, 7th Edition - 2018.pdf
		Full Book - 2nd Edition - Exam Ref 70-483 Programming in C#, Wouter de Kort, O´Reilly, 2018 - 2nd Edition.pdf = Full Book - 2nd Edition - Exam Ref 70-483 Programming in C#, Wouter de Kort, O´Reilly, 2018 - 2nd Edition.pdf
		TODO.txt = TODO.txt
	EndProjectSection
EndProject
Project("{FAE04EC0-301F-11D3-BF4B-00C04F79EFBC}") = "WpfApp1", "WpfApp1\WpfApp1.csproj", "{4BFF74F6-8BBF-47B3-93E9-5D3B9B5A92C7}"
EndProject
Project("{FAE04EC0-301F-11D3-BF4B-00C04F79EFBC}") = "WpfApp2", "WpfApp2\WpfApp2.csproj", "{725E1612-F61F-4908-921F-DC2E882FED8C}"
EndProject
Project("{FAE04EC0-301F-11D3-BF4B-00C04F79EFBC}") = "ClassLibrary1", "ClassLibrary1\ClassLibrary1.csproj", "{E60B3D26-F80B-404F-BA98-F2B18CF4524D}"
EndProject
Project("{FAE04EC0-301F-11D3-BF4B-00C04F79EFBC}") = "Project2", "Project2\Project2.csproj", "{C3C3DCC7-AF64-44FA-AFF0-2C508A9FA7C7}"
EndProject
Project("{FAE04EC0-301F-11D3-BF4B-00C04F79EFBC}") = "Project3", "Project3\Project3.csproj", "{A557A63D-32FD-472B-8E9C-5C86AB6DED2E}"
EndProject
Project("{FAE04EC0-301F-11D3-BF4B-00C04F79EFBC}") = "Project4", "Project4\Project4.csproj", "{7BA9282F-E5E0-4090-B129-4B69054AE749}"
EndProject
Project("{FAE04EC0-301F-11D3-BF4B-00C04F79EFBC}") = "MEF1", "MEF1\MEF1.csproj", "{645B6238-0798-4197-A457-3BEBA1E383C0}"
EndProject
Project("{FAE04EC0-301F-11D3-BF4B-00C04F79EFBC}") = "OperationsMEF", "OperationsMEF\OperationsMEF.csproj", "{1FE22E5D-68FD-495E-B298-1B7D064DB9FB}"
EndProject
Project("{FAE04EC0-301F-11D3-BF4B-00C04F79EFBC}") = "MEFCalculatorBL", "MEFCalculatorBL\MEFCalculatorBL.csproj", "{D338F103-8D85-46A7-8A9F-35018F0B5FC3}"
EndProject
Project("{FAE04EC0-301F-11D3-BF4B-00C04F79EFBC}") = "MEFCalculatorUI", "MEFCalculatorUI\MEFCalculatorUI.csproj", "{DF7C9922-8733-451B-AC80-3885C7039EF4}"
EndProject
Project("{FAE04EC0-301F-11D3-BF4B-00C04F79EFBC}") = "MEFCalculatorOperations", "MEFCalculatorOperations\MEFCalculatorOperations.csproj", "{45C40F27-5400-4E85-AC48-2EB55602A65E}"
EndProject
Project("{FAE04EC0-301F-11D3-BF4B-00C04F79EFBC}") = "Project5", "Project5\Project5.csproj", "{8FC162B8-021E-42D6-940B-54C6AA32DA59}"
EndProject
Project("{FAE04EC0-301F-11D3-BF4B-00C04F79EFBC}") = "SharedMemory", "SharedMemory\SharedMemory.csproj", "{BFE881EB-00E9-4FAA-BCFC-0762CACBC4AB}"
EndProject
Project("{FAE04EC0-301F-11D3-BF4B-00C04F79EFBC}") = "Project6", "Project6\Project6.csproj", "{3B18D127-5AC1-45C8-8F3C-AB0967FA5F28}"
EndProject
Project("{FAE04EC0-301F-11D3-BF4B-00C04F79EFBC}") = "MapCreatingApplication", "MapCreatingApplication\MapCreatingApplication.csproj", "{0BEAF1A1-B07F-4614-89C3-376315388C88}"
EndProject
Project("{FAE04EC0-301F-11D3-BF4B-00C04F79EFBC}") = "MapReadingApplication", "MapReadingApplication\MapReadingApplication.csproj", "{DE47C226-A34F-426C-9C0C-500206CB8698}"
EndProject
Global
	GlobalSection(SolutionConfigurationPlatforms) = preSolution
		Debug|Any CPU = Debug|Any CPU
		Release|Any CPU = Release|Any CPU
	EndGlobalSection
	GlobalSection(ProjectConfigurationPlatforms) = postSolution
		{ABADA46C-F1C6-40A1-AA3C-50C6E643FE11}.Debug|Any CPU.ActiveCfg = Debug|Any CPU
		{ABADA46C-F1C6-40A1-AA3C-50C6E643FE11}.Debug|Any CPU.Build.0 = Debug|Any CPU
		{ABADA46C-F1C6-40A1-AA3C-50C6E643FE11}.Release|Any CPU.ActiveCfg = Release|Any CPU
		{ABADA46C-F1C6-40A1-AA3C-50C6E643FE11}.Release|Any CPU.Build.0 = Release|Any CPU
		{4BFF74F6-8BBF-47B3-93E9-5D3B9B5A92C7}.Debug|Any CPU.ActiveCfg = Debug|Any CPU
		{4BFF74F6-8BBF-47B3-93E9-5D3B9B5A92C7}.Debug|Any CPU.Build.0 = Debug|Any CPU
		{4BFF74F6-8BBF-47B3-93E9-5D3B9B5A92C7}.Release|Any CPU.ActiveCfg = Release|Any CPU
		{4BFF74F6-8BBF-47B3-93E9-5D3B9B5A92C7}.Release|Any CPU.Build.0 = Release|Any CPU
		{725E1612-F61F-4908-921F-DC2E882FED8C}.Debug|Any CPU.ActiveCfg = Debug|Any CPU
		{725E1612-F61F-4908-921F-DC2E882FED8C}.Debug|Any CPU.Build.0 = Debug|Any CPU
		{725E1612-F61F-4908-921F-DC2E882FED8C}.Release|Any CPU.ActiveCfg = Release|Any CPU
		{725E1612-F61F-4908-921F-DC2E882FED8C}.Release|Any CPU.Build.0 = Release|Any CPU
		{E60B3D26-F80B-404F-BA98-F2B18CF4524D}.Debug|Any CPU.ActiveCfg = Debug|Any CPU
		{E60B3D26-F80B-404F-BA98-F2B18CF4524D}.Debug|Any CPU.Build.0 = Debug|Any CPU
		{E60B3D26-F80B-404F-BA98-F2B18CF4524D}.Release|Any CPU.ActiveCfg = Release|Any CPU
		{E60B3D26-F80B-404F-BA98-F2B18CF4524D}.Release|Any CPU.Build.0 = Release|Any CPU
		{C3C3DCC7-AF64-44FA-AFF0-2C508A9FA7C7}.Debug|Any CPU.ActiveCfg = Debug|Any CPU
		{C3C3DCC7-AF64-44FA-AFF0-2C508A9FA7C7}.Debug|Any CPU.Build.0 = Debug|Any CPU
		{C3C3DCC7-AF64-44FA-AFF0-2C508A9FA7C7}.Release|Any CPU.ActiveCfg = Release|Any CPU
		{C3C3DCC7-AF64-44FA-AFF0-2C508A9FA7C7}.Release|Any CPU.Build.0 = Release|Any CPU
		{A557A63D-32FD-472B-8E9C-5C86AB6DED2E}.Debug|Any CPU.ActiveCfg = Debug|Any CPU
		{A557A63D-32FD-472B-8E9C-5C86AB6DED2E}.Debug|Any CPU.Build.0 = Debug|Any CPU
		{A557A63D-32FD-472B-8E9C-5C86AB6DED2E}.Release|Any CPU.ActiveCfg = Release|Any CPU
		{A557A63D-32FD-472B-8E9C-5C86AB6DED2E}.Release|Any CPU.Build.0 = Release|Any CPU
		{7BA9282F-E5E0-4090-B129-4B69054AE749}.Debug|Any CPU.ActiveCfg = Debug|Any CPU
		{7BA9282F-E5E0-4090-B129-4B69054AE749}.Debug|Any CPU.Build.0 = Debug|Any CPU
		{7BA9282F-E5E0-4090-B129-4B69054AE749}.Release|Any CPU.ActiveCfg = Release|Any CPU
		{7BA9282F-E5E0-4090-B129-4B69054AE749}.Release|Any CPU.Build.0 = Release|Any CPU
		{645B6238-0798-4197-A457-3BEBA1E383C0}.Debug|Any CPU.ActiveCfg = Debug|Any CPU
		{645B6238-0798-4197-A457-3BEBA1E383C0}.Debug|Any CPU.Build.0 = Debug|Any CPU
		{645B6238-0798-4197-A457-3BEBA1E383C0}.Release|Any CPU.ActiveCfg = Release|Any CPU
		{645B6238-0798-4197-A457-3BEBA1E383C0}.Release|Any CPU.Build.0 = Release|Any CPU
		{1FE22E5D-68FD-495E-B298-1B7D064DB9FB}.Debug|Any CPU.ActiveCfg = Debug|Any CPU
		{1FE22E5D-68FD-495E-B298-1B7D064DB9FB}.Debug|Any CPU.Build.0 = Debug|Any CPU
		{1FE22E5D-68FD-495E-B298-1B7D064DB9FB}.Release|Any CPU.ActiveCfg = Release|Any CPU
		{1FE22E5D-68FD-495E-B298-1B7D064DB9FB}.Release|Any CPU.Build.0 = Release|Any CPU
		{D338F103-8D85-46A7-8A9F-35018F0B5FC3}.Debug|Any CPU.ActiveCfg = Debug|Any CPU
		{D338F103-8D85-46A7-8A9F-35018F0B5FC3}.Debug|Any CPU.Build.0 = Debug|Any CPU
		{D338F103-8D85-46A7-8A9F-35018F0B5FC3}.Release|Any CPU.ActiveCfg = Release|Any CPU
		{D338F103-8D85-46A7-8A9F-35018F0B5FC3}.Release|Any CPU.Build.0 = Release|Any CPU
		{DF7C9922-8733-451B-AC80-3885C7039EF4}.Debug|Any CPU.ActiveCfg = Debug|Any CPU
		{DF7C9922-8733-451B-AC80-3885C7039EF4}.Debug|Any CPU.Build.0 = Debug|Any CPU
		{DF7C9922-8733-451B-AC80-3885C7039EF4}.Release|Any CPU.ActiveCfg = Release|Any CPU
		{DF7C9922-8733-451B-AC80-3885C7039EF4}.Release|Any CPU.Build.0 = Release|Any CPU
		{45C40F27-5400-4E85-AC48-2EB55602A65E}.Debug|Any CPU.ActiveCfg = Debug|Any CPU
		{45C40F27-5400-4E85-AC48-2EB55602A65E}.Debug|Any CPU.Build.0 = Debug|Any CPU
		{45C40F27-5400-4E85-AC48-2EB55602A65E}.Release|Any CPU.ActiveCfg = Release|Any CPU
		{45C40F27-5400-4E85-AC48-2EB55602A65E}.Release|Any CPU.Build.0 = Release|Any CPU
		{8FC162B8-021E-42D6-940B-54C6AA32DA59}.Debug|Any CPU.ActiveCfg = Debug|Any CPU
		{8FC162B8-021E-42D6-940B-54C6AA32DA59}.Debug|Any CPU.Build.0 = Debug|Any CPU
		{8FC162B8-021E-42D6-940B-54C6AA32DA59}.Release|Any CPU.ActiveCfg = Release|Any CPU
		{8FC162B8-021E-42D6-940B-54C6AA32DA59}.Release|Any CPU.Build.0 = Release|Any CPU
		{BFE881EB-00E9-4FAA-BCFC-0762CACBC4AB}.Debug|Any CPU.ActiveCfg = Debug|Any CPU
		{BFE881EB-00E9-4FAA-BCFC-0762CACBC4AB}.Debug|Any CPU.Build.0 = Debug|Any CPU
		{BFE881EB-00E9-4FAA-BCFC-0762CACBC4AB}.Release|Any CPU.ActiveCfg = Release|Any CPU
		{BFE881EB-00E9-4FAA-BCFC-0762CACBC4AB}.Release|Any CPU.Build.0 = Release|Any CPU
		{3B18D127-5AC1-45C8-8F3C-AB0967FA5F28}.Debug|Any CPU.ActiveCfg = Debug|Any CPU
		{3B18D127-5AC1-45C8-8F3C-AB0967FA5F28}.Debug|Any CPU.Build.0 = Debug|Any CPU
		{3B18D127-5AC1-45C8-8F3C-AB0967FA5F28}.Release|Any CPU.ActiveCfg = Release|Any CPU
		{3B18D127-5AC1-45C8-8F3C-AB0967FA5F28}.Release|Any CPU.Build.0 = Release|Any CPU
		{0BEAF1A1-B07F-4614-89C3-376315388C88}.Debug|Any CPU.ActiveCfg = Debug|Any CPU
		{0BEAF1A1-B07F-4614-89C3-376315388C88}.Debug|Any CPU.Build.0 = Debug|Any CPU
		{0BEAF1A1-B07F-4614-89C3-376315388C88}.Release|Any CPU.ActiveCfg = Release|Any CPU
		{0BEAF1A1-B07F-4614-89C3-376315388C88}.Release|Any CPU.Build.0 = Release|Any CPU
		{DE47C226-A34F-426C-9C0C-500206CB8698}.Debug|Any CPU.ActiveCfg = Debug|Any CPU
		{DE47C226-A34F-426C-9C0C-500206CB8698}.Debug|Any CPU.Build.0 = Debug|Any CPU
		{DE47C226-A34F-426C-9C0C-500206CB8698}.Release|Any CPU.ActiveCfg = Release|Any CPU
		{DE47C226-A34F-426C-9C0C-500206CB8698}.Release|Any CPU.Build.0 = Release|Any CPU
	EndGlobalSection
	GlobalSection(SolutionProperties) = preSolution
		HideSolutionNode = FALSE
	EndGlobalSection
	GlobalSection(ExtensibilityGlobals) = postSolution
		SolutionGuid = {0E39008E-C6E3-4937-A74E-B1F11DAFDB7E}
	EndGlobalSection
EndGlobal
